// !$*UTF8*$!
{
	archiveVersion = 1;
	classes = {
	};
	objectVersion = 50;
	objects = {

/* Begin PBXBuildFile section */
		2AE0556B26F0D4C3008261E9 /* AppDelegate.swift in Sources */ = {isa = PBXBuildFile; fileRef = 2AE0556A26F0D4C3008261E9 /* AppDelegate.swift */; };
		2AE0556D26F0D4C3008261E9 /* SceneDelegate.swift in Sources */ = {isa = PBXBuildFile; fileRef = 2AE0556C26F0D4C3008261E9 /* SceneDelegate.swift */; };
		2AE0556F26F0D4C3008261E9 /* ViewController.swift in Sources */ = {isa = PBXBuildFile; fileRef = 2AE0556E26F0D4C3008261E9 /* ViewController.swift */; };
		2AE0557226F0D4C3008261E9 /* Main.storyboard in Resources */ = {isa = PBXBuildFile; fileRef = 2AE0557026F0D4C3008261E9 /* Main.storyboard */; };
		2AE0557426F0D4C4008261E9 /* Assets.xcassets in Resources */ = {isa = PBXBuildFile; fileRef = 2AE0557326F0D4C4008261E9 /* Assets.xcassets */; };
		2AE0557726F0D4C4008261E9 /* LaunchScreen.storyboard in Resources */ = {isa = PBXBuildFile; fileRef = 2AE0557526F0D4C4008261E9 /* LaunchScreen.storyboard */; };
		2AE0557F26F0D576008261E9 /* ContainerSub1ViewController.swift in Sources */ = {isa = PBXBuildFile; fileRef = 2AE0557E26F0D576008261E9 /* ContainerSub1ViewController.swift */; };
		2AE0558126F0D581008261E9 /* ContainerSub2ViewController.swift in Sources */ = {isa = PBXBuildFile; fileRef = 2AE0558026F0D581008261E9 /* ContainerSub2ViewController.swift */; };
		2AE0558326F0D59D008261E9 /* ContainerSub1.storyboard in Resources */ = {isa = PBXBuildFile; fileRef = 2AE0558226F0D59D008261E9 /* ContainerSub1.storyboard */; };
		2AE0558526F0D5AA008261E9 /* ContainerSub2.storyboard in Resources */ = {isa = PBXBuildFile; fileRef = 2AE0558426F0D5AA008261E9 /* ContainerSub2.storyboard */; };
		2AE0558726F0E379008261E9 /* ContainerSub3.storyboard in Resources */ = {isa = PBXBuildFile; fileRef = 2AE0558626F0E379008261E9 /* ContainerSub3.storyboard */; };
		2AE0558926F0E9A7008261E9 /* ContainerSub3ViewController.swift in Sources */ = {isa = PBXBuildFile; fileRef = 2AE0558826F0E9A7008261E9 /* ContainerSub3ViewController.swift */; };
/* End PBXBuildFile section */

/* Begin PBXFileReference section */
		2AE0556726F0D4C3008261E9 /* SampleContainerView.app */ = {isa = PBXFileReference; explicitFileType = wrapper.application; includeInIndex = 0; path = SampleContainerView.app; sourceTree = BUILT_PRODUCTS_DIR; };
		2AE0556A26F0D4C3008261E9 /* AppDelegate.swift */ = {isa = PBXFileReference; lastKnownFileType = sourcecode.swift; path = AppDelegate.swift; sourceTree = "<group>"; };
		2AE0556C26F0D4C3008261E9 /* SceneDelegate.swift */ = {isa = PBXFileReference; lastKnownFileType = sourcecode.swift; path = SceneDelegate.swift; sourceTree = "<group>"; };
		2AE0556E26F0D4C3008261E9 /* ViewController.swift */ = {isa = PBXFileReference; lastKnownFileType = sourcecode.swift; path = ViewController.swift; sourceTree = "<group>"; };
		2AE0557126F0D4C3008261E9 /* Base */ = {isa = PBXFileReference; lastKnownFileType = file.storyboard; name = Base; path = Base.lproj/Main.storyboard; sourceTree = "<group>"; };
		2AE0557326F0D4C4008261E9 /* Assets.xcassets */ = {isa = PBXFileReference; lastKnownFileType = folder.assetcatalog; path = Assets.xcassets; sourceTree = "<group>"; };
		2AE0557626F0D4C4008261E9 /* Base */ = {isa = PBXFileReference; lastKnownFileType = file.storyboard; name = Base; path = Base.lproj/LaunchScreen.storyboard; sourceTree = "<group>"; };
		2AE0557826F0D4C4008261E9 /* Info.plist */ = {isa = PBXFileReference; lastKnownFileType = text.plist.xml; path = Info.plist; sourceTree = "<group>"; };
		2AE0557E26F0D576008261E9 /* ContainerSub1ViewController.swift */ = {isa = PBXFileReference; lastKnownFileType = sourcecode.swift; path = ContainerSub1ViewController.swift; sourceTree = "<group>"; };
		2AE0558026F0D581008261E9 /* ContainerSub2ViewController.swift */ = {isa = PBXFileReference; lastKnownFileType = sourcecode.swift; path = ContainerSub2ViewController.swift; sourceTree = "<group>"; };
		2AE0558226F0D59D008261E9 /* ContainerSub1.storyboard */ = {isa = PBXFileReference; lastKnownFileType = file.storyboard; path = ContainerSub1.storyboard; sourceTree = "<group>"; };
		2AE0558426F0D5AA008261E9 /* ContainerSub2.storyboard */ = {isa = PBXFileReference; lastKnownFileType = file.storyboard; path = ContainerSub2.storyboard; sourceTree = "<group>"; };
		2AE0558626F0E379008261E9 /* ContainerSub3.storyboard */ = {isa = PBXFileReference; lastKnownFileType = file.storyboard; path = ContainerSub3.storyboard; sourceTree = "<group>"; };
		2AE0558826F0E9A7008261E9 /* ContainerSub3ViewController.swift */ = {isa = PBXFileReference; lastKnownFileType = sourcecode.swift; path = ContainerSub3ViewController.swift; sourceTree = "<group>"; };
/* End PBXFileReference section */

/* Begin PBXFrameworksBuildPhase section */
		2AE0556426F0D4C3008261E9 /* Frameworks */ = {
			isa = PBXFrameworksBuildPhase;
			buildActionMask = 2147483647;
			files = (
			);
			runOnlyForDeploymentPostprocessing = 0;
		};
/* End PBXFrameworksBuildPhase section */

/* Begin PBXGroup section */
		2AE0555E26F0D4C3008261E9 = {
			isa = PBXGroup;
			children = (
				2AE0556926F0D4C3008261E9 /* SampleContainerView */,
				2AE0556826F0D4C3008261E9 /* Products */,
			);
			sourceTree = "<group>";
		};
		2AE0556826F0D4C3008261E9 /* Products */ = {
			isa = PBXGroup;
			children = (
				2AE0556726F0D4C3008261E9 /* SampleContainerView.app */,
			);
			name = Products;
			sourceTree = "<group>";
		};
		2AE0556926F0D4C3008261E9 /* SampleContainerView */ = {
			isa = PBXGroup;
			children = (
				2AE0556A26F0D4C3008261E9 /* AppDelegate.swift */,
				2AE0556C26F0D4C3008261E9 /* SceneDelegate.swift */,
				2AE0556E26F0D4C3008261E9 /* ViewController.swift */,
				2AE0557026F0D4C3008261E9 /* Main.storyboard */,
				2AE0558826F0E9A7008261E9 /* ContainerSub3ViewController.swift */,
				2AE0558626F0E379008261E9 /* ContainerSub3.storyboard */,
				2AE0558426F0D5AA008261E9 /* ContainerSub2.storyboard */,
				2AE0558226F0D59D008261E9 /* ContainerSub1.storyboard */,
				2AE0557E26F0D576008261E9 /* ContainerSub1ViewController.swift */,
				2AE0558026F0D581008261E9 /* ContainerSub2ViewController.swift */,
				2AE0557326F0D4C4008261E9 /* Assets.xcassets */,
				2AE0557526F0D4C4008261E9 /* LaunchScreen.storyboard */,
				2AE0557826F0D4C4008261E9 /* Info.plist */,
			);
			path = SampleContainerView;
			sourceTree = "<group>";
		};
/* End PBXGroup section */

/* Begin PBXNativeTarget section */
		2AE0556626F0D4C3008261E9 /* SampleContainerView */ = {
			isa = PBXNativeTarget;
			buildConfigurationList = 2AE0557B26F0D4C4008261E9 /* Build configuration list for PBXNativeTarget "SampleContainerView" */;
			buildPhases = (
				2AE0556326F0D4C3008261E9 /* Sources */,
				2AE0556426F0D4C3008261E9 /* Frameworks */,
				2AE0556526F0D4C3008261E9 /* Resources */,
			);
			buildRules = (
			);
			dependencies = (
			);
			name = SampleContainerView;
			productName = SampleContainerView;
			productReference = 2AE0556726F0D4C3008261E9 /* SampleContainerView.app */;
			productType = "com.apple.product-type.application";
		};
/* End PBXNativeTarget section */

/* Begin PBXProject section */
		2AE0555F26F0D4C3008261E9 /* Project object */ = {
			isa = PBXProject;
			attributes = {
				LastSwiftUpdateCheck = 1250;
				LastUpgradeCheck = 1250;
				TargetAttributes = {
					2AE0556626F0D4C3008261E9 = {
						CreatedOnToolsVersion = 12.5.1;
					};
				};
			};
			buildConfigurationList = 2AE0556226F0D4C3008261E9 /* Build configuration list for PBXProject "SampleContainerView" */;
			compatibilityVersion = "Xcode 9.3";
			developmentRegion = en;
			hasScannedForEncodings = 0;
			knownRegions = (
				en,
				Base,
			);
			mainGroup = 2AE0555E26F0D4C3008261E9;
			productRefGroup = 2AE0556826F0D4C3008261E9 /* Products */;
			projectDirPath = "";
			projectRoot = "";
			targets = (
				2AE0556626F0D4C3008261E9 /* SampleContainerView */,
			);
		};
/* End PBXProject section */

/* Begin PBXResourcesBuildPhase section */
		2AE0556526F0D4C3008261E9 /* Resources */ = {
			isa = PBXResourcesBuildPhase;
			buildActionMask = 2147483647;
			files = (
				2AE0557726F0D4C4008261E9 /* LaunchScreen.storyboard in Resources */,
				2AE0558526F0D5AA008261E9 /* ContainerSub2.storyboard in Resources */,
				2AE0558326F0D59D008261E9 /* ContainerSub1.storyboard in Resources */,
				2AE0557426F0D4C4008261E9 /* Assets.xcassets in Resources */,
				2AE0557226F0D4C3008261E9 /* Main.storyboard in Resources */,
				2AE0558726F0E379008261E9 /* ContainerSub3.storyboard in Resources */,
			);
			runOnlyForDeploymentPostprocessing = 0;
		};
/* End PBXResourcesBuildPhase section */

/* Begin PBXSourcesBuildPhase section */
		2AE0556326F0D4C3008261E9 /* Sources */ = {
			isa = PBXSourcesBuildPhase;
			buildActionMask = 2147483647;
			files = (
				2AE0556F26F0D4C3008261E9 /* ViewController.swift in Sources */,
				2AE0556B26F0D4C3008261E9 /* AppDelegate.swift in Sources */,
				2AE0556D26F0D4C3008261E9 /* SceneDelegate.swift in Sources */,
				2AE0557F26F0D576008261E9 /* ContainerSub1ViewController.swift in Sources */,
				2AE0558126F0D581008261E9 /* ContainerSub2ViewController.swift in Sources */,
				2AE0558926F0E9A7008261E9 /* ContainerSub3ViewController.swift in Sources */,
			);
			runOnlyForDeploymentPostprocessing = 0;
		};
/* End PBXSourcesBuildPhase section */

/* Begin PBXVariantGroup section */
		2AE0557026F0D4C3008261E9 /* Main.storyboard */ = {
			isa = PBXVariantGroup;
			children = (
				2AE0557126F0D4C3008261E9 /* Base */,
			);
			name = Main.storyboard;
			sourceTree = "<group>";
		};
		2AE0557526F0D4C4008261E9 /* LaunchScreen.storyboard */ = {
			isa = PBXVariantGroup;
			children = (
				2AE0557626F0D4C4008261E9 /* Base */,
			);
			name = LaunchScreen.storyboard;
			sourceTree = "<group>";
		};
/* End PBXVariantGroup section */

/* Begin XCBuildConfiguration section */
		2AE0557926F0D4C4008261E9 /* Debug */ = {
			isa = XCBuildConfiguration;
			buildSettings = {
				ALWAYS_SEARCH_USER_PATHS = NO;
				CLANG_ANALYZER_NONNULL = YES;
				CLANG_ANALYZER_NUMBER_OBJECT_CONVERSION = YES_AGGRESSIVE;
				CLANG_CXX_LANGUAGE_STANDARD = "gnu++14";
				CLANG_CXX_LIBRARY = "libc++";
				CLANG_ENABLE_MODULES = YES;
				CLANG_ENABLE_OBJC_ARC = YES;
				CLANG_ENABLE_OBJC_WEAK = YES;
				CLANG_WARN_BLOCK_CAPTURE_AUTORELEASING = YES;
				CLANG_WARN_BOOL_CONVERSION = YES;
				CLANG_WARN_COMMA = YES;
				CLANG_WARN_CONSTANT_CONVERSION = YES;
				CLANG_WARN_DEPRECATED_OBJC_IMPLEMENTATIONS = YES;
				CLANG_WARN_DIRECT_OBJC_ISA_USAGE = YES_ERROR;
				CLANG_WARN_DOCUMENTATION_COMMENTS = YES;
				CLANG_WARN_EMPTY_BODY = YES;
				CLANG_WARN_ENUM_CONVERSION = YES;
				CLANG_WARN_INFINITE_RECURSION = YES;
				CLANG_WARN_INT_CONVERSION = YES;
				CLANG_WARN_NON_LITERAL_NULL_CONVERSION = YES;
				CLANG_WARN_OBJC_IMPLICIT_RETAIN_SELF = YES;
				CLANG_WARN_OBJC_LITERAL_CONVERSION = YES;
				CLANG_WARN_OBJC_ROOT_CLASS = YES_ERROR;
				CLANG_WARN_QUOTED_INCLUDE_IN_FRAMEWORK_HEADER = YES;
				CLANG_WARN_RANGE_LOOP_ANALYSIS = YES;
				CLANG_WARN_STRICT_PROTOTYPES = YES;
				CLANG_WARN_SUSPICIOUS_MOVE = YES;
				CLANG_WARN_UNGUARDED_AVAILABILITY = YES_AGGRESSIVE;
				CLANG_WARN_UNREACHABLE_CODE = YES;
				CLANG_WARN__DUPLICATE_METHOD_MATCH = YES;
				COPY_PHASE_STRIP = NO;
				DEBUG_INFORMATION_FORMAT = dwarf;
				ENABLE_STRICT_OBJC_MSGSEND = YES;
				ENABLE_TESTABILITY = YES;
				GCC_C_LANGUAGE_STANDARD = gnu11;
				GCC_DYNAMIC_NO_PIC = NO;
				GCC_NO_COMMON_BLOCKS = YES;
				GCC_OPTIMIZATION_LEVEL = 0;
				GCC_PREPROCESSOR_DEFINITIONS = (
					"DEBUG=1",
					"$(inherited)",
				);
				GCC_WARN_64_TO_32_BIT_CONVERSION = YES;
				GCC_WARN_ABOUT_RETURN_TYPE = YES_ERROR;
				GCC_WARN_UNDECLARED_SELECTOR = YES;
				GCC_WARN_UNINITIALIZED_AUTOS = YES_AGGRESSIVE;
				GCC_WARN_UNUSED_FUNCTION = YES;
				GCC_WARN_UNUSED_VARIABLE = YES;
				IPHONEOS_DEPLOYMENT_TARGET = 14.5;
				MTL_ENABLE_DEBUG_INFO = INCLUDE_SOURCE;
				MTL_FAST_MATH = YES;
				ONLY_ACTIVE_ARCH = YES;
				SDKROOT = iphoneos;
				SWIFT_ACTIVE_COMPILATION_CONDITIONS = DEBUG;
				SWIFT_OPTIMIZATION_LEVEL = "-Onone";
			};
			name = Debug;
		};
		2AE0557A26F0D4C4008261E9 /* Release */ = {
			isa = XCBuildConfiguration;
			buildSettings = {
				ALWAYS_SEARCH_USER_PATHS = NO;
				CLANG_ANALYZER_NONNULL = YES;
				CLANG_ANALYZER_NUMBER_OBJECT_CONVERSION = YES_AGGRESSIVE;
				CLANG_CXX_LANGUAGE_STANDARD = "gnu++14";
				CLANG_CXX_LIBRARY = "libc++";
				CLANG_ENABLE_MODULES = YES;
				CLANG_ENABLE_OBJC_ARC = YES;
				CLANG_ENABLE_OBJC_WEAK = YES;
				CLANG_WARN_BLOCK_CAPTURE_AUTORELEASING = YES;
				CLANG_WARN_BOOL_CONVERSION = YES;
				CLANG_WARN_COMMA = YES;
				CLANG_WARN_CONSTANT_CONVERSION = YES;
				CLANG_WARN_DEPRECATED_OBJC_IMPLEMENTATIONS = YES;
				CLANG_WARN_DIRECT_OBJC_ISA_USAGE = YES_ERROR;
				CLANG_WARN_DOCUMENTATION_COMMENTS = YES;
				CLANG_WARN_EMPTY_BODY = YES;
				CLANG_WARN_ENUM_CONVERSION = YES;
				CLANG_WARN_INFINITE_RECURSION = YES;
				CLANG_WARN_INT_CONVERSION = YES;
				CLANG_WARN_NON_LITERAL_NULL_CONVERSION = YES;
				CLANG_WARN_OBJC_IMPLICIT_RETAIN_SELF = YES;
				CLANG_WARN_OBJC_LITERAL_CONVERSION = YES;
				CLANG_WARN_OBJC_ROOT_CLASS = YES_ERROR;
				CLANG_WARN_QUOTED_INCLUDE_IN_FRAMEWORK_HEADER = YES;
				CLANG_WARN_RANGE_LOOP_ANALYSIS = YES;
				CLANG_WARN_STRICT_PROTOTYPES = YES;
				CLANG_WARN_SUSPICIOUS_MOVE = YES;
				CLANG_WARN_UNGUARDED_AVAILABILITY = YES_AGGRESSIVE;
				CLANG_WARN_UNREACHABLE_CODE = YES;
				CLANG_WARN__DUPLICATE_METHOD_MATCH = YES;
				COPY_PHASE_STRIP = NO;
				DEBUG_INFORMATION_FORMAT = "dwarf-with-dsym";
				ENABLE_NS_ASSERTIONS = NO;
				ENABLE_STRICT_OBJC_MSGSEND = YES;
				GCC_C_LANGUAGE_STANDARD = gnu11;
				GCC_NO_COMMON_BLOCKS = YES;
				GCC_WARN_64_TO_32_BIT_CONVERSION = YES;
				GCC_WARN_ABOUT_RETURN_TYPE = YES_ERROR;
				GCC_WARN_UNDECLARED_SELECTOR = YES;
				GCC_WARN_UNINITIALIZED_AUTOS = YES_AGGRESSIVE;
				GCC_WARN_UNUSED_FUNCTION = YES;
				GCC_WARN_UNUSED_VARIABLE = YES;
				IPHONEOS_DEPLOYMENT_TARGET = 14.5;
				MTL_ENABLE_DEBUG_INFO = NO;
				MTL_FAST_MATH = YES;
				SDKROOT = iphoneos;
				SWIFT_COMPILATION_MODE = wholemodule;
				SWIFT_OPTIMIZATION_LEVEL = "-O";
				VALIDATE_PRODUCT = YES;
			};
			name = Release;
		};
		2AE0557C26F0D4C4008261E9 /* Debug */ = {
			isa = XCBuildConfiguration;
			buildSettings = {
				ASSETCATALOG_COMPILER_APPICON_NAME = AppIcon;
				ASSETCATALOG_COMPILER_GLOBAL_ACCENT_COLOR_NAME = AccentColor;
				CODE_SIGN_STYLE = Automatic;
				DEVELOPMENT_TEAM = BGM5JPJHA4;
				INFOPLIST_FILE = SampleContainerView/Info.plist;
				LD_RUNPATH_SEARCH_PATHS = (
					"$(inherited)",
					"@executable_path/Frameworks",
				);
				PRODUCT_BUNDLE_IDENTIFIER = "com.basketball0607-gmail.base.SampleContainerView";
				PRODUCT_NAME = "$(TARGET_NAME)";
				SWIFT_VERSION = 5.0;
				TARGETED_DEVICE_FAMILY = "1,2";
			};
			name = Debug;
		};
		2AE0557D26F0D4C4008261E9 /* Release */ = {
			isa = XCBuildConfiguration;
			buildSettings = {
				ASSETCATALOG_COMPILER_APPICON_NAME = AppIcon;
				ASSETCATALOG_COMPILER_GLOBAL_ACCENT_COLOR_NAME = AccentColor;
				CODE_SIGN_STYLE = Automatic;
				DEVELOPMENT_TEAM = BGM5JPJHA4;
				INFOPLIST_FILE = SampleContainerView/Info.plist;
				LD_RUNPATH_SEARCH_PATHS = (
					"$(inherited)",
					"@executable_path/Frameworks",
				);
				PRODUCT_BUNDLE_IDENTIFIER = "com.basketball0607-gmail.base.SampleContainerView";
				PRODUCT_NAME = "$(TARGET_NAME)";
				SWIFT_VERSION = 5.0;
				TARGETED_DEVICE_FAMILY = "1,2";
			};
			name = Release;
		};
/* End XCBuildConfiguration section */

/* Begin XCConfigurationList section */
		2AE0556226F0D4C3008261E9 /* Build configuration list for PBXProject "SampleContainerView" */ = {
			isa = XCConfigurationList;
			buildConfigurations = (
				2AE0557926F0D4C4008261E9 /* Debug */,
				2AE0557A26F0D4C4008261E9 /* Release */,
			);
			defaultConfigurationIsVisible = 0;
			defaultConfigurationName = Release;
		};
		2AE0557B26F0D4C4008261E9 /* Build configuration list for PBXNativeTarget "SampleContainerView" */ = {
			isa = XCConfigurationList;
			buildConfigurations = (
				2AE0557C26F0D4C4008261E9 /* Debug */,
				2AE0557D26F0D4C4008261E9 /* Release */,
			);
			defaultConfigurationIsVisible = 0;
			defaultConfigurationName = Release;
		};
/* End XCConfigurationList section */
	};
	rootObject = 2AE0555F26F0D4C3008261E9 /* Project object */;
}
